<?xml version="1.0" encoding="UTF-8"?>
<Project ToolsVersion="14.0" xmlns="http://schemas.microsoft.com/developer/msbuild/2003">
  <ItemGroup>
    <ClCompile Include="D:\src\design_pattern\design_pattern_helen\creational_patterns\abstract_factory\source\abstract_cooker.cc">
      <Filter>Source Files</Filter>
    </ClCompile>
    <ClCompile Include="D:\src\design_pattern\design_pattern_helen\creational_patterns\abstract_factory\source\abstract_factory.cc">
      <Filter>Source Files</Filter>
    </ClCompile>
    <ClCompile Include="D:\src\design_pattern\design_pattern_helen\creational_patterns\abstract_factory\source\abstract_washer.cc">
      <Filter>Source Files</Filter>
    </ClCompile>
    <ClCompile Include="D:\src\design_pattern\design_pattern_helen\creational_patterns\abstract_factory\source\haier_cooker.cc">
      <Filter>Source Files</Filter>
    </ClCompile>
    <ClCompile Include="D:\src\design_pattern\design_pattern_helen\creational_patterns\abstract_factory\source\haier_factory.cc">
      <Filter>Source Files</Filter>
    </ClCompile>
    <ClCompile Include="D:\src\design_pattern\design_pattern_helen\creational_patterns\abstract_factory\source\haier_washer.cc">
      <Filter>Source Files</Filter>
    </ClCompile>
    <ClCompile Include="D:\src\design_pattern\design_pattern_helen\creational_patterns\abstract_factory\source\main.cc">
      <Filter>Source Files</Filter>
    </ClCompile>
    <ClCompile Include="D:\src\design_pattern\design_pattern_helen\creational_patterns\abstract_factory\source\midea_cooker.cc">
      <Filter>Source Files</Filter>
    </ClCompile>
    <ClCompile Include="D:\src\design_pattern\design_pattern_helen\creational_patterns\abstract_factory\source\midea_factory.cc">
      <Filter>Source Files</Filter>
    </ClCompile>
    <ClCompile Include="D:\src\design_pattern\design_pattern_helen\creational_patterns\abstract_factory\source\midea_washer.cc">
      <Filter>Source Files</Filter>
    </ClCompile>
  </ItemGroup>
  <ItemGroup>
    <CustomBuild Include="D:\src\design_pattern\design_pattern_helen\creational_patterns\abstract_factory\CMakeLists.txt" />
  </ItemGroup>
  <ItemGroup>
    <Filter Include="Source Files">
      <UniqueIdentifier>{9ABC3961-F403-3309-9172-96EAF438C3E6}</UniqueIdentifier>
    </Filter>
  </ItemGroup>
</Project>
